
Microsoft Visual Studio Solution File, Format Version 12.00
# Visual Studio 15
VisualStudioVersion = 15.0.28307.1022
MinimumVisualStudioVersion = 10.0.40219.1
Project("{FAE04EC0-301F-11D3-BF4B-00C04F79EFBC}") = "WindowsFormsApp78", "WindowsFormsApp78\WindowsFormsApp78.csproj", "{85C37B1F-A6F6-46EC-853C-E620C71ABFDC}"
EndProject
Global
	GlobalSection(SolutionConfigurationPlatforms) = preSolution
		Debug|Any CPU = Debug|Any CPU
		Release|Any CPU = Release|Any CPU
	EndGlobalSection
	GlobalSection(ProjectConfigurationPlatforms) = postSolution
		{85C37B1F-A6F6-46EC-853C-E620C71ABFDC}.Debug|Any CPU.ActiveCfg = Debug|Any CPU
		{85C37B1F-A6F6-46EC-853C-E620C71ABFDC}.Debug|Any CPU.Build.0 = Debug|Any CPU
		{85C37B1F-A6F6-46EC-853C-E620C71ABFDC}.Release|Any CPU.ActiveCfg = Release|Any CPU
		{85C37B1F-A6F6-46EC-853C-E620C71ABFDC}.Release|Any CPU.Build.0 = Release|Any CPU
	EndGlobalSection
	GlobalSection(SolutionProperties) = preSolution
		HideSolutionNode = FALSE
	EndGlobalSection
	GlobalSection(ExtensibilityGlobals) = postSolution
		SolutionGuid = {572BA0EA-CCD6-4D6F-BB14-1B4B5A357218}
	EndGlobalSection
EndGlobal
